
Microsoft Visual Studio Solution File, Format Version 12.00
# Visual Studio 14
VisualStudioVersion = 14.0.23107.0
MinimumVisualStudioVersion = 10.0.40219.1
Project("{FAE04EC0-301F-11D3-BF4B-00C04F79EFBC}") = "PclSample.Core", "PclSample.Core\PclSample.Core.csproj", "{ACBC3FE1-18E5-4523-880E-F91EC86A5739}"
EndProject
Project("{FAE04EC0-301F-11D3-BF4B-00C04F79EFBC}") = "PclSample.UWA", "PclSample.UWA\PclSample.UWA.csproj", "{FE56AD1A-E837-495C-889D-1F37C6E63A5B}"
EndProject
Project("{FAE04EC0-301F-11D3-BF4B-00C04F79EFBC}") = "PclSample.WPF", "PclSample.WPF\PclSample.WPF.csproj", "{192C4916-680A-49CA-930F-D363C5A00DEB}"
EndProject
Project("{FAE04EC0-301F-11D3-BF4B-00C04F79EFBC}") = "PclSample.iOS", "PclSample.iOS\PclSample.iOS.csproj", "{D41958F4-5291-4CAC-BDE9-61A9CC15AACF}"
EndProject
Project("{FAE04EC0-301F-11D3-BF4B-00C04F79EFBC}") = "PclSample.Droid", "PclSample.Droid\PclSample.Droid.csproj", "{116B3ECD-ACCD-4B85-A576-47BEEE6DE6A3}"
EndProject
Global
	GlobalSection(SolutionConfigurationPlatforms) = preSolution
		Ad-Hoc|Any CPU = Ad-Hoc|Any CPU
		Ad-Hoc|ARM = Ad-Hoc|ARM
		Ad-Hoc|iPhone = Ad-Hoc|iPhone
		Ad-Hoc|iPhoneSimulator = Ad-Hoc|iPhoneSimulator
		Ad-Hoc|x64 = Ad-Hoc|x64
		Ad-Hoc|x86 = Ad-Hoc|x86
		AppStore|Any CPU = AppStore|Any CPU
		AppStore|ARM = AppStore|ARM
		AppStore|iPhone = AppStore|iPhone
		AppStore|iPhoneSimulator = AppStore|iPhoneSimulator
		AppStore|x64 = AppStore|x64
		AppStore|x86 = AppStore|x86
		Debug|Any CPU = Debug|Any CPU
		Debug|ARM = Debug|ARM
		Debug|iPhone = Debug|iPhone
		Debug|iPhoneSimulator = Debug|iPhoneSimulator
		Debug|x64 = Debug|x64
		Debug|x86 = Debug|x86
		Release|Any CPU = Release|Any CPU
		Release|ARM = Release|ARM
		Release|iPhone = Release|iPhone
		Release|iPhoneSimulator = Release|iPhoneSimulator
		Release|x64 = Release|x64
		Release|x86 = Release|x86
	EndGlobalSection
	GlobalSection(ProjectConfigurationPlatforms) = postSolution
		{ACBC3FE1-18E5-4523-880E-F91EC86A5739}.Ad-Hoc|Any CPU.ActiveCfg = Release|Any CPU
		{ACBC3FE1-18E5-4523-880E-F91EC86A5739}.Ad-Hoc|Any CPU.Build.0 = Release|Any CPU
		{ACBC3FE1-18E5-4523-880E-F91EC86A5739}.Ad-Hoc|ARM.ActiveCfg = Release|Any CPU
		{ACBC3FE1-18E5-4523-880E-F91EC86A5739}.Ad-Hoc|ARM.Build.0 = Release|Any CPU
		{ACBC3FE1-18E5-4523-880E-F91EC86A5739}.Ad-Hoc|iPhone.ActiveCfg = Release|Any CPU
		{ACBC3FE1-18E5-4523-880E-F91EC86A5739}.Ad-Hoc|iPhone.Build.0 = Release|Any CPU
		{ACBC3FE1-18E5-4523-880E-F91EC86A5739}.Ad-Hoc|iPhoneSimulator.ActiveCfg = Release|Any CPU
		{ACBC3FE1-18E5-4523-880E-F91EC86A5739}.Ad-Hoc|iPhoneSimulator.Build.0 = Release|Any CPU
		{ACBC3FE1-18E5-4523-880E-F91EC86A5739}.Ad-Hoc|x64.ActiveCfg = Release|Any CPU
		{ACBC3FE1-18E5-4523-880E-F91EC86A5739}.Ad-Hoc|x64.Build.0 = Release|Any CPU
		{ACBC3FE1-18E5-4523-880E-F91EC86A5739}.Ad-Hoc|x86.ActiveCfg = Release|Any CPU
		{ACBC3FE1-18E5-4523-880E-F91EC86A5739}.Ad-Hoc|x86.Build.0 = Release|Any CPU
		{ACBC3FE1-18E5-4523-880E-F91EC86A5739}.AppStore|Any CPU.ActiveCfg = Release|Any CPU
		{ACBC3FE1-18E5-4523-880E-F91EC86A5739}.AppStore|Any CPU.Build.0 = Release|Any CPU
		{ACBC3FE1-18E5-4523-880E-F91EC86A5739}.AppStore|ARM.ActiveCfg = Release|Any CPU
		{ACBC3FE1-18E5-4523-880E-F91EC86A5739}.AppStore|ARM.Build.0 = Release|Any CPU
		{ACBC3FE1-18E5-4523-880E-F91EC86A5739}.AppStore|iPhone.ActiveCfg = Release|Any CPU
		{ACBC3FE1-18E5-4523-880E-F91EC86A5739}.AppStore|iPhone.Build.0 = Release|Any CPU
		{ACBC3FE1-18E5-4523-880E-F91EC86A5739}.AppStore|iPhoneSimulator.ActiveCfg = Release|Any CPU
		{ACBC3FE1-18E5-4523-880E-F91EC86A5739}.AppStore|iPhoneSimulator.Build.0 = Release|Any CPU
		{ACBC3FE1-18E5-4523-880E-F91EC86A5739}.AppStore|x64.ActiveCfg = Release|Any CPU
		{ACBC3FE1-18E5-4523-880E-F91EC86A5739}.AppStore|x64.Build.0 = Release|Any CPU
		{ACBC3FE1-18E5-4523-880E-F91EC86A5739}.AppStore|x86.ActiveCfg = Release|Any CPU
		{ACBC3FE1-18E5-4523-880E-F91EC86A5739}.AppStore|x86.Build.0 = Release|Any CPU
		{ACBC3FE1-18E5-4523-880E-F91EC86A5739}.Debug|Any CPU.ActiveCfg = Debug|Any CPU
		{ACBC3FE1-18E5-4523-880E-F91EC86A5739}.Debug|Any CPU.Build.0 = Debug|Any CPU
		{ACBC3FE1-18E5-4523-880E-F91EC86A5739}.Debug|ARM.ActiveCfg = Debug|Any CPU
		{ACBC3FE1-18E5-4523-880E-F91EC86A5739}.Debug|ARM.Build.0 = Debug|Any CPU
		{ACBC3FE1-18E5-4523-880E-F91EC86A5739}.Debug|iPhone.ActiveCfg = Debug|Any CPU
		{ACBC3FE1-18E5-4523-880E-F91EC86A5739}.Debug|iPhone.Build.0 = Debug|Any CPU
		{ACBC3FE1-18E5-4523-880E-F91EC86A5739}.Debug|iPhoneSimulator.ActiveCfg = Debug|Any CPU
		{ACBC3FE1-18E5-4523-880E-F91EC86A5739}.Debug|iPhoneSimulator.Build.0 = Debug|Any CPU
		{ACBC3FE1-18E5-4523-880E-F91EC86A5739}.Debug|x64.ActiveCfg = Debug|Any CPU
		{ACBC3FE1-18E5-4523-880E-F91EC86A5739}.Debug|x64.Build.0 = Debug|Any CPU
		{ACBC3FE1-18E5-4523-880E-F91EC86A5739}.Debug|x86.ActiveCfg = Debug|Any CPU
		{ACBC3FE1-18E5-4523-880E-F91EC86A5739}.Debug|x86.Build.0 = Debug|Any CPU
		{ACBC3FE1-18E5-4523-880E-F91EC86A5739}.Release|Any CPU.ActiveCfg = Release|Any CPU
		{ACBC3FE1-18E5-4523-880E-F91EC86A5739}.Release|Any CPU.Build.0 = Release|Any CPU
		{ACBC3FE1-18E5-4523-880E-F91EC86A5739}.Release|ARM.ActiveCfg = Release|Any CPU
		{ACBC3FE1-18E5-4523-880E-F91EC86A5739}.Release|ARM.Build.0 = Release|Any CPU
		{ACBC3FE1-18E5-4523-880E-F91EC86A5739}.Release|iPhone.ActiveCfg = Release|Any CPU
		{ACBC3FE1-18E5-4523-880E-F91EC86A5739}.Release|iPhone.Build.0 = Release|Any CPU
		{ACBC3FE1-18E5-4523-880E-F91EC86A5739}.Release|iPhoneSimulator.ActiveCfg = Release|Any CPU
		{ACBC3FE1-18E5-4523-880E-F91EC86A5739}.Release|iPhoneSimulator.Build.0 = Release|Any CPU
		{ACBC3FE1-18E5-4523-880E-F91EC86A5739}.Release|x64.ActiveCfg = Release|Any CPU
		{ACBC3FE1-18E5-4523-880E-F91EC86A5739}.Release|x64.Build.0 = Release|Any CPU
		{ACBC3FE1-18E5-4523-880E-F91EC86A5739}.Release|x86.ActiveCfg = Release|Any CPU
		{ACBC3FE1-18E5-4523-880E-F91EC86A5739}.Release|x86.Build.0 = Release|Any CPU
		{FE56AD1A-E837-495C-889D-1F37C6E63A5B}.Ad-Hoc|Any CPU.ActiveCfg = Release|x86
		{FE56AD1A-E837-495C-889D-1F37C6E63A5B}.Ad-Hoc|Any CPU.Build.0 = Release|x86
		{FE56AD1A-E837-495C-889D-1F37C6E63A5B}.Ad-Hoc|Any CPU.Deploy.0 = Release|x86
		{FE56AD1A-E837-495C-889D-1F37C6E63A5B}.Ad-Hoc|ARM.ActiveCfg = Release|ARM
		{FE56AD1A-E837-495C-889D-1F37C6E63A5B}.Ad-Hoc|ARM.Build.0 = Release|ARM
		{FE56AD1A-E837-495C-889D-1F37C6E63A5B}.Ad-Hoc|ARM.Deploy.0 = Release|ARM
		{FE56AD1A-E837-495C-889D-1F37C6E63A5B}.Ad-Hoc|iPhone.ActiveCfg = Release|x86
		{FE56AD1A-E837-495C-889D-1F37C6E63A5B}.Ad-Hoc|iPhone.Build.0 = Release|x86
		{FE56AD1A-E837-495C-889D-1F37C6E63A5B}.Ad-Hoc|iPhone.Deploy.0 = Release|x86
		{FE56AD1A-E837-495C-889D-1F37C6E63A5B}.Ad-Hoc|iPhoneSimulator.ActiveCfg = Release|x86
		{FE56AD1A-E837-495C-889D-1F37C6E63A5B}.Ad-Hoc|iPhoneSimulator.Build.0 = Release|x86
		{FE56AD1A-E837-495C-889D-1F37C6E63A5B}.Ad-Hoc|iPhoneSimulator.Deploy.0 = Release|x86
		{FE56AD1A-E837-495C-889D-1F37C6E63A5B}.Ad-Hoc|x64.ActiveCfg = Release|x64
		{FE56AD1A-E837-495C-889D-1F37C6E63A5B}.Ad-Hoc|x64.Build.0 = Release|x64
		{FE56AD1A-E837-495C-889D-1F37C6E63A5B}.Ad-Hoc|x64.Deploy.0 = Release|x64
		{FE56AD1A-E837-495C-889D-1F37C6E63A5B}.Ad-Hoc|x86.ActiveCfg = Release|x86
		{FE56AD1A-E837-495C-889D-1F37C6E63A5B}.Ad-Hoc|x86.Build.0 = Release|x86
		{FE56AD1A-E837-495C-889D-1F37C6E63A5B}.Ad-Hoc|x86.Deploy.0 = Release|x86
		{FE56AD1A-E837-495C-889D-1F37C6E63A5B}.AppStore|Any CPU.ActiveCfg = Release|x86
		{FE56AD1A-E837-495C-889D-1F37C6E63A5B}.AppStore|Any CPU.Build.0 = Release|x86
		{FE56AD1A-E837-495C-889D-1F37C6E63A5B}.AppStore|Any CPU.Deploy.0 = Release|x86
		{FE56AD1A-E837-495C-889D-1F37C6E63A5B}.AppStore|ARM.ActiveCfg = Release|ARM
		{FE56AD1A-E837-495C-889D-1F37C6E63A5B}.AppStore|ARM.Build.0 = Release|ARM
		{FE56AD1A-E837-495C-889D-1F37C6E63A5B}.AppStore|ARM.Deploy.0 = Release|ARM
		{FE56AD1A-E837-495C-889D-1F37C6E63A5B}.AppStore|iPhone.ActiveCfg = Release|x86
		{FE56AD1A-E837-495C-889D-1F37C6E63A5B}.AppStore|iPhone.Build.0 = Release|x86
		{FE56AD1A-E837-495C-889D-1F37C6E63A5B}.AppStore|iPhone.Deploy.0 = Release|x86
		{FE56AD1A-E837-495C-889D-1F37C6E63A5B}.AppStore|iPhoneSimulator.ActiveCfg = Release|x86
		{FE56AD1A-E837-495C-889D-1F37C6E63A5B}.AppStore|iPhoneSimulator.Build.0 = Release|x86
		{FE56AD1A-E837-495C-889D-1F37C6E63A5B}.AppStore|iPhoneSimulator.Deploy.0 = Release|x86
		{FE56AD1A-E837-495C-889D-1F37C6E63A5B}.AppStore|x64.ActiveCfg = Release|x64
		{FE56AD1A-E837-495C-889D-1F37C6E63A5B}.AppStore|x64.Build.0 = Release|x64
		{FE56AD1A-E837-495C-889D-1F37C6E63A5B}.AppStore|x64.Deploy.0 = Release|x64
		{FE56AD1A-E837-495C-889D-1F37C6E63A5B}.AppStore|x86.ActiveCfg = Release|x86
		{FE56AD1A-E837-495C-889D-1F37C6E63A5B}.AppStore|x86.Build.0 = Release|x86
		{FE56AD1A-E837-495C-889D-1F37C6E63A5B}.AppStore|x86.Deploy.0 = Release|x86
		{FE56AD1A-E837-495C-889D-1F37C6E63A5B}.Debug|Any CPU.ActiveCfg = Debug|x86
		{FE56AD1A-E837-495C-889D-1F37C6E63A5B}.Debug|Any CPU.Build.0 = Debug|x86
		{FE56AD1A-E837-495C-889D-1F37C6E63A5B}.Debug|Any CPU.Deploy.0 = Debug|x86
		{FE56AD1A-E837-495C-889D-1F37C6E63A5B}.Debug|ARM.ActiveCfg = Debug|ARM
		{FE56AD1A-E837-495C-889D-1F37C6E63A5B}.Debug|ARM.Build.0 = Debug|ARM
		{FE56AD1A-E837-495C-889D-1F37C6E63A5B}.Debug|ARM.Deploy.0 = Debug|ARM
		{FE56AD1A-E837-495C-889D-1F37C6E63A5B}.Debug|iPhone.ActiveCfg = Debug|x86
		{FE56AD1A-E837-495C-889D-1F37C6E63A5B}.Debug|iPhoneSimulator.ActiveCfg = Debug|x86
		{FE56AD1A-E837-495C-889D-1F37C6E63A5B}.Debug|x64.ActiveCfg = Debug|x64
		{FE56AD1A-E837-495C-889D-1F37C6E63A5B}.Debug|x64.Build.0 = Debug|x64
		{FE56AD1A-E837-495C-889D-1F37C6E63A5B}.Debug|x64.Deploy.0 = Debug|x64
		{FE56AD1A-E837-495C-889D-1F37C6E63A5B}.Debug|x86.ActiveCfg = Debug|x86
		{FE56AD1A-E837-495C-889D-1F37C6E63A5B}.Debug|x86.Build.0 = Debug|x86
		{FE56AD1A-E837-495C-889D-1F37C6E63A5B}.Debug|x86.Deploy.0 = Debug|x86
		{FE56AD1A-E837-495C-889D-1F37C6E63A5B}.Release|Any CPU.ActiveCfg = Release|x86
		{FE56AD1A-E837-495C-889D-1F37C6E63A5B}.Release|Any CPU.Build.0 = Release|x86
		{FE56AD1A-E837-495C-889D-1F37C6E63A5B}.Release|Any CPU.Deploy.0 = Release|x86
		{FE56AD1A-E837-495C-889D-1F37C6E63A5B}.Release|ARM.ActiveCfg = Release|ARM
		{FE56AD1A-E837-495C-889D-1F37C6E63A5B}.Release|ARM.Build.0 = Release|ARM
		{FE56AD1A-E837-495C-889D-1F37C6E63A5B}.Release|ARM.Deploy.0 = Release|ARM
		{FE56AD1A-E837-495C-889D-1F37C6E63A5B}.Release|iPhone.ActiveCfg = Release|x86
		{FE56AD1A-E837-495C-889D-1F37C6E63A5B}.Release|iPhoneSimulator.ActiveCfg = Release|x86
		{FE56AD1A-E837-495C-889D-1F37C6E63A5B}.Release|x64.ActiveCfg = Release|x64
		{FE56AD1A-E837-495C-889D-1F37C6E63A5B}.Release|x64.Build.0 = Release|x64
		{FE56AD1A-E837-495C-889D-1F37C6E63A5B}.Release|x64.Deploy.0 = Release|x64
		{FE56AD1A-E837-495C-889D-1F37C6E63A5B}.Release|x86.ActiveCfg = Release|x86
		{FE56AD1A-E837-495C-889D-1F37C6E63A5B}.Release|x86.Build.0 = Release|x86
		{FE56AD1A-E837-495C-889D-1F37C6E63A5B}.Release|x86.Deploy.0 = Release|x86
		{192C4916-680A-49CA-930F-D363C5A00DEB}.Ad-Hoc|Any CPU.ActiveCfg = Release|Any CPU
		{192C4916-680A-49CA-930F-D363C5A00DEB}.Ad-Hoc|Any CPU.Build.0 = Release|Any CPU
		{192C4916-680A-49CA-930F-D363C5A00DEB}.Ad-Hoc|ARM.ActiveCfg = Release|Any CPU
		{192C4916-680A-49CA-930F-D363C5A00DEB}.Ad-Hoc|ARM.Build.0 = Release|Any CPU
		{192C4916-680A-49CA-930F-D363C5A00DEB}.Ad-Hoc|iPhone.ActiveCfg = Release|Any CPU
		{192C4916-680A-49CA-930F-D363C5A00DEB}.Ad-Hoc|iPhone.Build.0 = Release|Any CPU
		{192C4916-680A-49CA-930F-D363C5A00DEB}.Ad-Hoc|iPhoneSimulator.ActiveCfg = Release|Any CPU
		{192C4916-680A-49CA-930F-D363C5A00DEB}.Ad-Hoc|iPhoneSimulator.Build.0 = Release|Any CPU
		{192C4916-680A-49CA-930F-D363C5A00DEB}.Ad-Hoc|x64.ActiveCfg = Release|Any CPU
		{192C4916-680A-49CA-930F-D363C5A00DEB}.Ad-Hoc|x64.Build.0 = Release|Any CPU
		{192C4916-680A-49CA-930F-D363C5A00DEB}.Ad-Hoc|x86.ActiveCfg = Release|Any CPU
		{192C4916-680A-49CA-930F-D363C5A00DEB}.Ad-Hoc|x86.Build.0 = Release|Any CPU
		{192C4916-680A-49CA-930F-D363C5A00DEB}.AppStore|Any CPU.ActiveCfg = Release|Any CPU
		{192C4916-680A-49CA-930F-D363C5A00DEB}.AppStore|Any CPU.Build.0 = Release|Any CPU
		{192C4916-680A-49CA-930F-D363C5A00DEB}.AppStore|ARM.ActiveCfg = Release|Any CPU
		{192C4916-680A-49CA-930F-D363C5A00DEB}.AppStore|ARM.Build.0 = Release|Any CPU
		{192C4916-680A-49CA-930F-D363C5A00DEB}.AppStore|iPhone.ActiveCfg = Release|Any CPU
		{192C4916-680A-49CA-930F-D363C5A00DEB}.AppStore|iPhone.Build.0 = Release|Any CPU
		{192C4916-680A-49CA-930F-D363C5A00DEB}.AppStore|iPhoneSimulator.ActiveCfg = Release|Any CPU
		{192C4916-680A-49CA-930F-D363C5A00DEB}.AppStore|iPhoneSimulator.Build.0 = Release|Any CPU
		{192C4916-680A-49CA-930F-D363C5A00DEB}.AppStore|x64.ActiveCfg = Release|Any CPU
		{192C4916-680A-49CA-930F-D363C5A00DEB}.AppStore|x64.Build.0 = Release|Any CPU
		{192C4916-680A-49CA-930F-D363C5A00DEB}.AppStore|x86.ActiveCfg = Release|Any CPU
		{192C4916-680A-49CA-930F-D363C5A00DEB}.AppStore|x86.Build.0 = Release|Any CPU
		{192C4916-680A-49CA-930F-D363C5A00DEB}.Debug|Any CPU.ActiveCfg = Debug|Any CPU
		{192C4916-680A-49CA-930F-D363C5A00DEB}.Debug|Any CPU.Build.0 = Debug|Any CPU
		{192C4916-680A-49CA-930F-D363C5A00DEB}.Debug|ARM.ActiveCfg = Debug|Any CPU
		{192C4916-680A-49CA-930F-D363C5A00DEB}.Debug|ARM.Build.0 = Debug|Any CPU
		{192C4916-680A-49CA-930F-D363C5A00DEB}.Debug|iPhone.ActiveCfg = Debug|Any CPU
		{192C4916-680A-49CA-930F-D363C5A00DEB}.Debug|iPhone.Build.0 = Debug|Any CPU
		{192C4916-680A-49CA-930F-D363C5A00DEB}.Debug|iPhoneSimulator.ActiveCfg = Debug|Any CPU
		{192C4916-680A-49CA-930F-D363C5A00DEB}.Debug|iPhoneSimulator.Build.0 = Debug|Any CPU
		{192C4916-680A-49CA-930F-D363C5A00DEB}.Debug|x64.ActiveCfg = Debug|Any CPU
		{192C4916-680A-49CA-930F-D363C5A00DEB}.Debug|x64.Build.0 = Debug|Any CPU
		{192C4916-680A-49CA-930F-D363C5A00DEB}.Debug|x86.ActiveCfg = Debug|Any CPU
		{192C4916-680A-49CA-930F-D363C5A00DEB}.Debug|x86.Build.0 = Debug|Any CPU
		{192C4916-680A-49CA-930F-D363C5A00DEB}.Release|Any CPU.ActiveCfg = Release|Any CPU
		{192C4916-680A-49CA-930F-D363C5A00DEB}.Release|Any CPU.Build.0 = Release|Any CPU
		{192C4916-680A-49CA-930F-D363C5A00DEB}.Release|ARM.ActiveCfg = Release|Any CPU
		{192C4916-680A-49CA-930F-D363C5A00DEB}.Release|ARM.Build.0 = Release|Any CPU
		{192C4916-680A-49CA-930F-D363C5A00DEB}.Release|iPhone.ActiveCfg = Release|Any CPU
		{192C4916-680A-49CA-930F-D363C5A00DEB}.Release|iPhone.Build.0 = Release|Any CPU
		{192C4916-680A-49CA-930F-D363C5A00DEB}.Release|iPhoneSimulator.ActiveCfg = Release|Any CPU
		{192C4916-680A-49CA-930F-D363C5A00DEB}.Release|iPhoneSimulator.Build.0 = Release|Any CPU
		{192C4916-680A-49CA-930F-D363C5A00DEB}.Release|x64.ActiveCfg = Release|Any CPU
		{192C4916-680A-49CA-930F-D363C5A00DEB}.Release|x64.Build.0 = Release|Any CPU
		{192C4916-680A-49CA-930F-D363C5A00DEB}.Release|x86.ActiveCfg = Release|Any CPU
		{192C4916-680A-49CA-930F-D363C5A00DEB}.Release|x86.Build.0 = Release|Any CPU
		{D41958F4-5291-4CAC-BDE9-61A9CC15AACF}.Ad-Hoc|Any CPU.ActiveCfg = Ad-Hoc|iPhone
		{D41958F4-5291-4CAC-BDE9-61A9CC15AACF}.Ad-Hoc|ARM.ActiveCfg = Ad-Hoc|iPhone
		{D41958F4-5291-4CAC-BDE9-61A9CC15AACF}.Ad-Hoc|iPhone.ActiveCfg = Ad-Hoc|iPhone
		{D41958F4-5291-4CAC-BDE9-61A9CC15AACF}.Ad-Hoc|iPhone.Build.0 = Ad-Hoc|iPhone
		{D41958F4-5291-4CAC-BDE9-61A9CC15AACF}.Ad-Hoc|iPhoneSimulator.ActiveCfg = Ad-Hoc|iPhoneSimulator
		{D41958F4-5291-4CAC-BDE9-61A9CC15AACF}.Ad-Hoc|iPhoneSimulator.Build.0 = Ad-Hoc|iPhoneSimulator
		{D41958F4-5291-4CAC-BDE9-61A9CC15AACF}.Ad-Hoc|x64.ActiveCfg = Ad-Hoc|iPhone
		{D41958F4-5291-4CAC-BDE9-61A9CC15AACF}.Ad-Hoc|x86.ActiveCfg = Ad-Hoc|iPhone
		{D41958F4-5291-4CAC-BDE9-61A9CC15AACF}.AppStore|Any CPU.ActiveCfg = AppStore|iPhone
		{D41958F4-5291-4CAC-BDE9-61A9CC15AACF}.AppStore|ARM.ActiveCfg = AppStore|iPhone
		{D41958F4-5291-4CAC-BDE9-61A9CC15AACF}.AppStore|iPhone.ActiveCfg = AppStore|iPhone
		{D41958F4-5291-4CAC-BDE9-61A9CC15AACF}.AppStore|iPhone.Build.0 = AppStore|iPhone
		{D41958F4-5291-4CAC-BDE9-61A9CC15AACF}.AppStore|iPhoneSimulator.ActiveCfg = AppStore|iPhoneSimulator
		{D41958F4-5291-4CAC-BDE9-61A9CC15AACF}.AppStore|iPhoneSimulator.Build.0 = AppStore|iPhoneSimulator
		{D41958F4-5291-4CAC-BDE9-61A9CC15AACF}.AppStore|x64.ActiveCfg = AppStore|iPhone
		{D41958F4-5291-4CAC-BDE9-61A9CC15AACF}.AppStore|x86.ActiveCfg = AppStore|iPhone
		{D41958F4-5291-4CAC-BDE9-61A9CC15AACF}.Debug|Any CPU.ActiveCfg = Debug|iPhone
		{D41958F4-5291-4CAC-BDE9-61A9CC15AACF}.Debug|ARM.ActiveCfg = Debug|iPhone
		{D41958F4-5291-4CAC-BDE9-61A9CC15AACF}.Debug|iPhone.ActiveCfg = Debug|iPhone
		{D41958F4-5291-4CAC-BDE9-61A9CC15AACF}.Debug|iPhone.Build.0 = Debug|iPhone
		{D41958F4-5291-4CAC-BDE9-61A9CC15AACF}.Debug|iPhoneSimulator.ActiveCfg = Debug|iPhoneSimulator
		{D41958F4-5291-4CAC-BDE9-61A9CC15AACF}.Debug|iPhoneSimulator.Build.0 = Debug|iPhoneSimulator
		{D41958F4-5291-4CAC-BDE9-61A9CC15AACF}.Debug|x64.ActiveCfg = Debug|iPhone
		{D41958F4-5291-4CAC-BDE9-61A9CC15AACF}.Debug|x86.ActiveCfg = Debug|iPhone
		{D41958F4-5291-4CAC-BDE9-61A9CC15AACF}.Release|Any CPU.ActiveCfg = Release|iPhone
		{D41958F4-5291-4CAC-BDE9-61A9CC15AACF}.Release|ARM.ActiveCfg = Release|iPhone
		{D41958F4-5291-4CAC-BDE9-61A9CC15AACF}.Release|iPhone.ActiveCfg = Release|iPhone
		{D41958F4-5291-4CAC-BDE9-61A9CC15AACF}.Release|iPhone.Build.0 = Release|iPhone
		{D41958F4-5291-4CAC-BDE9-61A9CC15AACF}.Release|iPhoneSimulator.ActiveCfg = Release|iPhoneSimulator
		{D41958F4-5291-4CAC-BDE9-61A9CC15AACF}.Release|iPhoneSimulator.Build.0 = Release|iPhoneSimulator
		{D41958F4-5291-4CAC-BDE9-61A9CC15AACF}.Release|x64.ActiveCfg = Release|iPhone
		{D41958F4-5291-4CAC-BDE9-61A9CC15AACF}.Release|x86.ActiveCfg = Release|iPhone
		{116B3ECD-ACCD-4B85-A576-47BEEE6DE6A3}.Ad-Hoc|Any CPU.ActiveCfg = Release|Any CPU
		{116B3ECD-ACCD-4B85-A576-47BEEE6DE6A3}.Ad-Hoc|Any CPU.Build.0 = Release|Any CPU
		{116B3ECD-ACCD-4B85-A576-47BEEE6DE6A3}.Ad-Hoc|Any CPU.Deploy.0 = Release|Any CPU
		{116B3ECD-ACCD-4B85-A576-47BEEE6DE6A3}.Ad-Hoc|ARM.ActiveCfg = Release|Any CPU
		{116B3ECD-ACCD-4B85-A576-47BEEE6DE6A3}.Ad-Hoc|ARM.Build.0 = Release|Any CPU
		{116B3ECD-ACCD-4B85-A576-47BEEE6DE6A3}.Ad-Hoc|ARM.Deploy.0 = Release|Any CPU
		{116B3ECD-ACCD-4B85-A576-47BEEE6DE6A3}.Ad-Hoc|iPhone.ActiveCfg = Release|Any CPU
		{116B3ECD-ACCD-4B85-A576-47BEEE6DE6A3}.Ad-Hoc|iPhone.Build.0 = Release|Any CPU
		{116B3ECD-ACCD-4B85-A576-47BEEE6DE6A3}.Ad-Hoc|iPhone.Deploy.0 = Release|Any CPU
		{116B3ECD-ACCD-4B85-A576-47BEEE6DE6A3}.Ad-Hoc|iPhoneSimulator.ActiveCfg = Release|Any CPU
		{116B3ECD-ACCD-4B85-A576-47BEEE6DE6A3}.Ad-Hoc|iPhoneSimulator.Build.0 = Release|Any CPU
		{116B3ECD-ACCD-4B85-A576-47BEEE6DE6A3}.Ad-Hoc|iPhoneSimulator.Deploy.0 = Release|Any CPU
		{116B3ECD-ACCD-4B85-A576-47BEEE6DE6A3}.Ad-Hoc|x64.ActiveCfg = Release|Any CPU
		{116B3ECD-ACCD-4B85-A576-47BEEE6DE6A3}.Ad-Hoc|x64.Build.0 = Release|Any CPU
		{116B3ECD-ACCD-4B85-A576-47BEEE6DE6A3}.Ad-Hoc|x64.Deploy.0 = Release|Any CPU
		{116B3ECD-ACCD-4B85-A576-47BEEE6DE6A3}.Ad-Hoc|x86.ActiveCfg = Release|Any CPU
		{116B3ECD-ACCD-4B85-A576-47BEEE6DE6A3}.Ad-Hoc|x86.Build.0 = Release|Any CPU
		{116B3ECD-ACCD-4B85-A576-47BEEE6DE6A3}.Ad-Hoc|x86.Deploy.0 = Release|Any CPU
		{116B3ECD-ACCD-4B85-A576-47BEEE6DE6A3}.AppStore|Any CPU.ActiveCfg = Release|Any CPU
		{116B3ECD-ACCD-4B85-A576-47BEEE6DE6A3}.AppStore|Any CPU.Build.0 = Release|Any CPU
		{116B3ECD-ACCD-4B85-A576-47BEEE6DE6A3}.AppStore|Any CPU.Deploy.0 = Release|Any CPU
		{116B3ECD-ACCD-4B85-A576-47BEEE6DE6A3}.AppStore|ARM.ActiveCfg = Release|Any CPU
		{116B3ECD-ACCD-4B85-A576-47BEEE6DE6A3}.AppStore|ARM.Build.0 = Release|Any CPU
		{116B3ECD-ACCD-4B85-A576-47BEEE6DE6A3}.AppStore|ARM.Deploy.0 = Release|Any CPU
		{116B3ECD-ACCD-4B85-A576-47BEEE6DE6A3}.AppStore|iPhone.ActiveCfg = Release|Any CPU
		{116B3ECD-ACCD-4B85-A576-47BEEE6DE6A3}.AppStore|iPhone.Build.0 = Release|Any CPU
		{116B3ECD-ACCD-4B85-A576-47BEEE6DE6A3}.AppStore|iPhone.Deploy.0 = Release|Any CPU
		{116B3ECD-ACCD-4B85-A576-47BEEE6DE6A3}.AppStore|iPhoneSimulator.ActiveCfg = Release|Any CPU
		{116B3ECD-ACCD-4B85-A576-47BEEE6DE6A3}.AppStore|iPhoneSimulator.Build.0 = Release|Any CPU
		{116B3ECD-ACCD-4B85-A576-47BEEE6DE6A3}.AppStore|iPhoneSimulator.Deploy.0 = Release|Any CPU
		{116B3ECD-ACCD-4B85-A576-47BEEE6DE6A3}.AppStore|x64.ActiveCfg = Release|Any CPU
		{116B3ECD-ACCD-4B85-A576-47BEEE6DE6A3}.AppStore|x64.Build.0 = Release|Any CPU
		{116B3ECD-ACCD-4B85-A576-47BEEE6DE6A3}.AppStore|x64.Deploy.0 = Release|Any CPU
		{116B3ECD-ACCD-4B85-A576-47BEEE6DE6A3}.AppStore|x86.ActiveCfg = Release|Any CPU
		{116B3ECD-ACCD-4B85-A576-47BEEE6DE6A3}.AppStore|x86.Build.0 = Release|Any CPU
		{116B3ECD-ACCD-4B85-A576-47BEEE6DE6A3}.AppStore|x86.Deploy.0 = Release|Any CPU
		{116B3ECD-ACCD-4B85-A576-47BEEE6DE6A3}.Debug|Any CPU.ActiveCfg = Debug|Any CPU
		{116B3ECD-ACCD-4B85-A576-47BEEE6DE6A3}.Debug|Any CPU.Build.0 = Debug|Any CPU
		{116B3ECD-ACCD-4B85-A576-47BEEE6DE6A3}.Debug|Any CPU.Deploy.0 = Debug|Any CPU
		{116B3ECD-ACCD-4B85-A576-47BEEE6DE6A3}.Debug|ARM.ActiveCfg = Debug|Any CPU
		{116B3ECD-ACCD-4B85-A576-47BEEE6DE6A3}.Debug|ARM.Build.0 = Debug|Any CPU
		{116B3ECD-ACCD-4B85-A576-47BEEE6DE6A3}.Debug|ARM.Deploy.0 = Debug|Any CPU
		{116B3ECD-ACCD-4B85-A576-47BEEE6DE6A3}.Debug|iPhone.ActiveCfg = Debug|Any CPU
		{116B3ECD-ACCD-4B85-A576-47BEEE6DE6A3}.Debug|iPhone.Build.0 = Debug|Any CPU
		{116B3ECD-ACCD-4B85-A576-47BEEE6DE6A3}.Debug|iPhone.Deploy.0 = Debug|Any CPU
		{116B3ECD-ACCD-4B85-A576-47BEEE6DE6A3}.Debug|iPhoneSimulator.ActiveCfg = Debug|Any CPU
		{116B3ECD-ACCD-4B85-A576-47BEEE6DE6A3}.Debug|iPhoneSimulator.Build.0 = Debug|Any CPU
		{116B3ECD-ACCD-4B85-A576-47BEEE6DE6A3}.Debug|iPhoneSimulator.Deploy.0 = Debug|Any CPU
		{116B3ECD-ACCD-4B85-A576-47BEEE6DE6A3}.Debug|x64.ActiveCfg = Debug|Any CPU
		{116B3ECD-ACCD-4B85-A576-47BEEE6DE6A3}.Debug|x64.Build.0 = Debug|Any CPU
		{116B3ECD-ACCD-4B85-A576-47BEEE6DE6A3}.Debug|x64.Deploy.0 = Debug|Any CPU
		{116B3ECD-ACCD-4B85-A576-47BEEE6DE6A3}.Debug|x86.ActiveCfg = Debug|Any CPU
		{116B3ECD-ACCD-4B85-A576-47BEEE6DE6A3}.Debug|x86.Build.0 = Debug|Any CPU
		{116B3ECD-ACCD-4B85-A576-47BEEE6DE6A3}.Debug|x86.Deploy.0 = Debug|Any CPU
		{116B3ECD-ACCD-4B85-A576-47BEEE6DE6A3}.Release|Any CPU.ActiveCfg = Release|Any CPU
		{116B3ECD-ACCD-4B85-A576-47BEEE6DE6A3}.Release|Any CPU.Build.0 = Release|Any CPU
		{116B3ECD-ACCD-4B85-A576-47BEEE6DE6A3}.Release|Any CPU.Deploy.0 = Release|Any CPU
		{116B3ECD-ACCD-4B85-A576-47BEEE6DE6A3}.Release|ARM.ActiveCfg = Release|Any CPU
		{116B3ECD-ACCD-4B85-A576-47BEEE6DE6A3}.Release|ARM.Build.0 = Release|Any CPU
		{116B3ECD-ACCD-4B85-A576-47BEEE6DE6A3}.Release|ARM.Deploy.0 = Release|Any CPU
		{116B3ECD-ACCD-4B85-A576-47BEEE6DE6A3}.Release|iPhone.ActiveCfg = Release|Any CPU
		{116B3ECD-ACCD-4B85-A576-47BEEE6DE6A3}.Release|iPhone.Build.0 = Release|Any CPU
		{116B3ECD-ACCD-4B85-A576-47BEEE6DE6A3}.Release|iPhone.Deploy.0 = Release|Any CPU
		{116B3ECD-ACCD-4B85-A576-47BEEE6DE6A3}.Release|iPhoneSimulator.ActiveCfg = Release|Any CPU
		{116B3ECD-ACCD-4B85-A576-47BEEE6DE6A3}.Release|iPhoneSimulator.Build.0 = Release|Any CPU
		{116B3ECD-ACCD-4B85-A576-47BEEE6DE6A3}.Release|iPhoneSimulator.Deploy.0 = Release|Any CPU
		{116B3ECD-ACCD-4B85-A576-47BEEE6DE6A3}.Release|x64.ActiveCfg = Release|Any CPU
		{116B3ECD-ACCD-4B85-A576-47BEEE6DE6A3}.Release|x64.Build.0 = Release|Any CPU
		{116B3ECD-ACCD-4B85-A576-47BEEE6DE6A3}.Release|x64.Deploy.0 = Release|Any CPU
		{116B3ECD-ACCD-4B85-A576-47BEEE6DE6A3}.Release|x86.ActiveCfg = Release|Any CPU
		{116B3ECD-ACCD-4B85-A576-47BEEE6DE6A3}.Release|x86.Build.0 = Release|Any CPU
		{116B3ECD-ACCD-4B85-A576-47BEEE6DE6A3}.Release|x86.Deploy.0 = Release|Any CPU
	EndGlobalSection
	GlobalSection(SolutionProperties) = preSolution
		HideSolutionNode = FALSE
	EndGlobalSection
EndGlobal
